
Microsoft Visual Studio Solution File, Format Version 12.00
# Visual Studio 2013
VisualStudioVersion = 12.0.21005.1
MinimumVisualStudioVersion = 10.0.40219.1
Project("{FAE04EC0-301F-11D3-BF4B-00C04F79EFBC}") = "DSyncLib", "DSyncLib\DSyncLib.csproj", "{F2B409A1-68BF-4E70-B69F-5AABF5ECD608}"
EndProject
Project("{FAE04EC0-301F-11D3-BF4B-00C04F79EFBC}") = "DSyncLibTests", "DSyncLibTests\DSyncLibTests.csproj", "{F8DBC842-5CBA-4F4C-BC4B-CE59064EFDE4}"
EndProject
Project("{FAE04EC0-301F-11D3-BF4B-00C04F79EFBC}") = "DSyncCon", "DSyncCon\DSyncCon.csproj", "{B208B881-11C1-4316-9785-375354D26CE4}"
EndProject
Global
	GlobalSection(SolutionConfigurationPlatforms) = preSolution
		Debug|Any CPU = Debug|Any CPU
		Release|Any CPU = Release|Any CPU
	EndGlobalSection
	GlobalSection(ProjectConfigurationPlatforms) = postSolution
		{F2B409A1-68BF-4E70-B69F-5AABF5ECD608}.Debug|Any CPU.ActiveCfg = Debug|Any CPU
		{F2B409A1-68BF-4E70-B69F-5AABF5ECD608}.Debug|Any CPU.Build.0 = Debug|Any CPU
		{F2B409A1-68BF-4E70-B69F-5AABF5ECD608}.Release|Any CPU.ActiveCfg = Release|Any CPU
		{F2B409A1-68BF-4E70-B69F-5AABF5ECD608}.Release|Any CPU.Build.0 = Release|Any CPU
		{F8DBC842-5CBA-4F4C-BC4B-CE59064EFDE4}.Debug|Any CPU.ActiveCfg = Debug|Any CPU
		{F8DBC842-5CBA-4F4C-BC4B-CE59064EFDE4}.Debug|Any CPU.Build.0 = Debug|Any CPU
		{F8DBC842-5CBA-4F4C-BC4B-CE59064EFDE4}.Release|Any CPU.ActiveCfg = Release|Any CPU
		{F8DBC842-5CBA-4F4C-BC4B-CE59064EFDE4}.Release|Any CPU.Build.0 = Release|Any CPU
		{B208B881-11C1-4316-9785-375354D26CE4}.Debug|Any CPU.ActiveCfg = Debug|Any CPU
		{B208B881-11C1-4316-9785-375354D26CE4}.Debug|Any CPU.Build.0 = Debug|Any CPU
		{B208B881-11C1-4316-9785-375354D26CE4}.Release|Any CPU.ActiveCfg = Release|Any CPU
		{B208B881-11C1-4316-9785-375354D26CE4}.Release|Any CPU.Build.0 = Release|Any CPU
	EndGlobalSection
	GlobalSection(SolutionProperties) = preSolution
		HideSolutionNode = FALSE
	EndGlobalSection
EndGlobal
